
Microsoft Visual Studio Solution File, Format Version 12.00
# Visual Studio 15
VisualStudioVersion = 15.0.27130.2027
MinimumVisualStudioVersion = 10.0.40219.1
Project("{8BC9CEB8-8B4A-11D0-8D11-00A0C91BC942}") = "SimplekmNTDriver", "SimplekmNTDriver\SimplekmNTDriver.vcxproj", "{C228B85A-C982-42B3-B033-D01DCFEC6A27}"
EndProject
Project("{8BC9CEB8-8B4A-11D0-8D11-00A0C91BC942}") = "UserClient", "UserClient\UserClient.vcxproj", "{6C2DF886-81F0-4B23-8400-C9F32B7CA063}"
EndProject
Project("{8BC9CEB8-8B4A-11D0-8D11-00A0C91BC942}") = "DemoDriver", "DemoDriver\DemoDriver.vcxproj", "{62580E8F-8E38-43EF-8E97-1DADB87E1C0E}"
EndProject
Global
	GlobalSection(SolutionConfigurationPlatforms) = preSolution
		Debug|x64 = Debug|x64
		Release|x64 = Release|x64
	EndGlobalSection
	GlobalSection(ProjectConfigurationPlatforms) = postSolution
		{C228B85A-C982-42B3-B033-D01DCFEC6A27}.Debug|x64.ActiveCfg = Debug|x64
		{C228B85A-C982-42B3-B033-D01DCFEC6A27}.Debug|x64.Build.0 = Debug|x64
		{C228B85A-C982-42B3-B033-D01DCFEC6A27}.Debug|x64.Deploy.0 = Debug|x64
		{C228B85A-C982-42B3-B033-D01DCFEC6A27}.Release|x64.ActiveCfg = Release|x64
		{C228B85A-C982-42B3-B033-D01DCFEC6A27}.Release|x64.Build.0 = Release|x64
		{C228B85A-C982-42B3-B033-D01DCFEC6A27}.Release|x64.Deploy.0 = Release|x64
		{6C2DF886-81F0-4B23-8400-C9F32B7CA063}.Debug|x64.ActiveCfg = Debug|x64
		{6C2DF886-81F0-4B23-8400-C9F32B7CA063}.Debug|x64.Build.0 = Debug|x64
		{6C2DF886-81F0-4B23-8400-C9F32B7CA063}.Release|x64.ActiveCfg = Release|x64
		{6C2DF886-81F0-4B23-8400-C9F32B7CA063}.Release|x64.Build.0 = Release|x64
		{62580E8F-8E38-43EF-8E97-1DADB87E1C0E}.Debug|x64.ActiveCfg = Debug|x64
		{62580E8F-8E38-43EF-8E97-1DADB87E1C0E}.Debug|x64.Build.0 = Debug|x64
		{62580E8F-8E38-43EF-8E97-1DADB87E1C0E}.Debug|x64.Deploy.0 = Debug|x64
		{62580E8F-8E38-43EF-8E97-1DADB87E1C0E}.Release|x64.ActiveCfg = Release|x64
		{62580E8F-8E38-43EF-8E97-1DADB87E1C0E}.Release|x64.Build.0 = Release|x64
		{62580E8F-8E38-43EF-8E97-1DADB87E1C0E}.Release|x64.Deploy.0 = Release|x64
	EndGlobalSection
	GlobalSection(SolutionProperties) = preSolution
		HideSolutionNode = FALSE
	EndGlobalSection
	GlobalSection(ExtensibilityGlobals) = postSolution
		SolutionGuid = {B8558FAC-F89F-4052-B2D6-576372436750}
	EndGlobalSection
EndGlobal
